
Microsoft Visual Studio Solution File, Format Version 11.00
# Visual Studio 2010
Project("{FAE04EC0-301F-11D3-BF4B-00C04F79EFBC}") = "Assembly-CSharp", "Assembly-CSharp.csproj", "{a0f572c8-48e0-6188-05d3-58b458ce2ac1}"
EndProject
Project("{FAE04EC0-301F-11D3-BF4B-00C04F79EFBC}") = "Assembly-CSharp-Editor", "Assembly-CSharp-Editor.csproj", "{6f1b19c4-c60c-14e4-169c-325dc45ec88e}"
EndProject
Global
	GlobalSection(SolutionConfigurationPlatforms) = preSolution
		Debug|Any CPU = Debug|Any CPU
	EndGlobalSection
	GlobalSection(ProjectConfigurationPlatforms) = postSolution
		{a0f572c8-48e0-6188-05d3-58b458ce2ac1}.Debug|Any CPU.ActiveCfg = Debug|Any CPU
		{a0f572c8-48e0-6188-05d3-58b458ce2ac1}.Debug|Any CPU.Build.0 = Debug|Any CPU
		{6f1b19c4-c60c-14e4-169c-325dc45ec88e}.Debug|Any CPU.ActiveCfg = Debug|Any CPU
		{6f1b19c4-c60c-14e4-169c-325dc45ec88e}.Debug|Any CPU.Build.0 = Debug|Any CPU
	EndGlobalSection
	GlobalSection(SolutionProperties) = preSolution
		HideSolutionNode = FALSE
	EndGlobalSection
EndGlobal
